
Microsoft Visual Studio Solution File, Format Version 12.00
# Visual Studio Version 16
VisualStudioVersion = 16.0.30413.136
MinimumVisualStudioVersion = 10.0.40219.1
Project("{9A19103F-16F7-4668-BE54-9A1E7A4F7556}") = "WebApplication1", "WebApplication1\WebApplication1.csproj", "{0F018DAD-BACF-4E7F-8F91-BCA68A2B8477}"
EndProject
Project("{FAE04EC0-301F-11D3-BF4B-00C04F79EFBC}") = "NUnitTestApplication", "NUnitTestApplication\NUnitTestApplication.csproj", "{2E336B6D-9708-49FE-8F82-BE234B798864}"
EndProject
Global
	GlobalSection(SolutionConfigurationPlatforms) = preSolution
		Debug|Any CPU = Debug|Any CPU
		Release|Any CPU = Release|Any CPU
	EndGlobalSection
	GlobalSection(ProjectConfigurationPlatforms) = postSolution
		{0F018DAD-BACF-4E7F-8F91-BCA68A2B8477}.Debug|Any CPU.ActiveCfg = Debug|Any CPU
		{0F018DAD-BACF-4E7F-8F91-BCA68A2B8477}.Debug|Any CPU.Build.0 = Debug|Any CPU
		{0F018DAD-BACF-4E7F-8F91-BCA68A2B8477}.Release|Any CPU.ActiveCfg = Release|Any CPU
		{0F018DAD-BACF-4E7F-8F91-BCA68A2B8477}.Release|Any CPU.Build.0 = Release|Any CPU
		{2E336B6D-9708-49FE-8F82-BE234B798864}.Debug|Any CPU.ActiveCfg = Debug|Any CPU
		{2E336B6D-9708-49FE-8F82-BE234B798864}.Debug|Any CPU.Build.0 = Debug|Any CPU
		{2E336B6D-9708-49FE-8F82-BE234B798864}.Release|Any CPU.ActiveCfg = Release|Any CPU
		{2E336B6D-9708-49FE-8F82-BE234B798864}.Release|Any CPU.Build.0 = Release|Any CPU
	EndGlobalSection
	GlobalSection(SolutionProperties) = preSolution
		HideSolutionNode = FALSE
	EndGlobalSection
	GlobalSection(ExtensibilityGlobals) = postSolution
		SolutionGuid = {24CD20EE-40A0-4930-80F8-07DDDE1C6E37}
	EndGlobalSection
EndGlobal
